
Microsoft Visual Studio Solution File, Format Version 12.00
# Visual Studio 15
VisualStudioVersion = 15.0.26730.16
MinimumVisualStudioVersion = 10.0.40219.1
Project("{FAE04EC0-301F-11D3-BF4B-00C04F79EFBC}") = "Cadastro", "Cadastro\Cadastro.csproj", "{F8DF0B55-2E9C-4DEF-BEEC-F1D0CF82CA95}"
EndProject
Project("{FAE04EC0-301F-11D3-BF4B-00C04F79EFBC}") = "Cadastro.Entidade", "Cadastro.Entidade\Cadastro.Entidade.csproj", "{47E6E9E5-9861-4BA8-BA17-CC4D144B446B}"
EndProject
Project("{FAE04EC0-301F-11D3-BF4B-00C04F79EFBC}") = "Cadastro.BLL", "Cadastro.BLL\Cadastro.BLL.csproj", "{7F7C2088-372E-4795-B6E5-D5A9170664E4}"
EndProject
Global
	GlobalSection(SolutionConfigurationPlatforms) = preSolution
		Debug|Any CPU = Debug|Any CPU
		Release|Any CPU = Release|Any CPU
	EndGlobalSection
	GlobalSection(ProjectConfigurationPlatforms) = postSolution
		{F8DF0B55-2E9C-4DEF-BEEC-F1D0CF82CA95}.Debug|Any CPU.ActiveCfg = Debug|Any CPU
		{F8DF0B55-2E9C-4DEF-BEEC-F1D0CF82CA95}.Debug|Any CPU.Build.0 = Debug|Any CPU
		{F8DF0B55-2E9C-4DEF-BEEC-F1D0CF82CA95}.Release|Any CPU.ActiveCfg = Release|Any CPU
		{F8DF0B55-2E9C-4DEF-BEEC-F1D0CF82CA95}.Release|Any CPU.Build.0 = Release|Any CPU
		{47E6E9E5-9861-4BA8-BA17-CC4D144B446B}.Debug|Any CPU.ActiveCfg = Debug|Any CPU
		{47E6E9E5-9861-4BA8-BA17-CC4D144B446B}.Debug|Any CPU.Build.0 = Debug|Any CPU
		{47E6E9E5-9861-4BA8-BA17-CC4D144B446B}.Release|Any CPU.ActiveCfg = Release|Any CPU
		{47E6E9E5-9861-4BA8-BA17-CC4D144B446B}.Release|Any CPU.Build.0 = Release|Any CPU
		{7F7C2088-372E-4795-B6E5-D5A9170664E4}.Debug|Any CPU.ActiveCfg = Debug|Any CPU
		{7F7C2088-372E-4795-B6E5-D5A9170664E4}.Debug|Any CPU.Build.0 = Debug|Any CPU
		{7F7C2088-372E-4795-B6E5-D5A9170664E4}.Release|Any CPU.ActiveCfg = Release|Any CPU
		{7F7C2088-372E-4795-B6E5-D5A9170664E4}.Release|Any CPU.Build.0 = Release|Any CPU
	EndGlobalSection
	GlobalSection(SolutionProperties) = preSolution
		HideSolutionNode = FALSE
	EndGlobalSection
	GlobalSection(ExtensibilityGlobals) = postSolution
		SolutionGuid = {A644D4E0-BA9B-4F49-B803-0E63BB8DB490}
	EndGlobalSection
EndGlobal
